
Microsoft Visual Studio Solution File, Format Version 12.00
Project("{2150E333-8FDC-42A3-9474-1A3956D46DE8}") = "src", "src", "{4E2F1EC8-5499-40FD-88CC-565990ADCD29}"
EndProject
Project("{FAE04EC0-301F-11D3-BF4B-00C04F79EFBC}") = "WeatherBot.Sunny", "src\WeatherBot.Sunny\WeatherBot.Sunny.csproj", "{525A0761-9B0F-44B4-95E5-633B36087088}"
EndProject
Project("{2150E333-8FDC-42A3-9474-1A3956D46DE8}") = "Services", "Services", "{0D239819-532F-4392-9F2A-666C6B4722D2}"
EndProject
Project("{FAE04EC0-301F-11D3-BF4B-00C04F79EFBC}") = "WeatherBot.Sunny.Services.Telegram", "src\Services\Telegram\WeatherBot.Sunny.Services.Telegram\WeatherBot.Sunny.Services.Telegram.csproj", "{1DC8823B-D4C4-4D92-89F1-A8B761B4C4DB}"
EndProject
Project("{2150E333-8FDC-42A3-9474-1A3956D46DE8}") = "Telegram", "Telegram", "{F5EB3D4E-96BE-4955-849F-9BFC0ABC9270}"
EndProject
Project("{FAE04EC0-301F-11D3-BF4B-00C04F79EFBC}") = "WeatherBot.Sunny.Services.Telegram.Abstractions", "src\Services\Telegram\WeatherBot.Sunny.Services.Telegram.Abstractions\WeatherBot.Sunny.Services.Telegram.Abstractions.csproj", "{CD47935D-BBA0-435F-930B-620390D87907}"
EndProject
Project("{2150E333-8FDC-42A3-9474-1A3956D46DE8}") = "common", "common", "{3D5EBB72-BE0F-45D2-8B11-9726BAEB0849}"
	ProjectSection(SolutionItems) = preProject
		.dockerignorefile = .dockerignorefile
		dockerfile = dockerfile
		fly.toml = fly.toml
		.gitignore = .gitignore
	EndProjectSection
EndProject
Project("{2150E333-8FDC-42A3-9474-1A3956D46DE8}") = "tests", "tests", "{C65EEA69-E268-4C0D-B0F2-D4C17B51BDFD}"
EndProject
Project("{FAE04EC0-301F-11D3-BF4B-00C04F79EFBC}") = "WeatherBot.Sunny.UnitTests.Common", "tests\WeatherBot.Sunny.UnitTests.Common\WeatherBot.Sunny.UnitTests.Common.csproj", "{BB7BA3A5-97BE-4477-8788-57CD02BCAB58}"
EndProject
Project("{FAE04EC0-301F-11D3-BF4B-00C04F79EFBC}") = "WeatherBot.Sunny.Services.Telegram.UnitTests", "tests\WeatherBot.Sunny.Services.Telegram.UnitTests\WeatherBot.Sunny.Services.Telegram.UnitTests.csproj", "{3BF9B0AA-855E-4450-A083-5D95531C8FA3}"
EndProject
Global
	GlobalSection(SolutionConfigurationPlatforms) = preSolution
		Debug|Any CPU = Debug|Any CPU
		Release|Any CPU = Release|Any CPU
	EndGlobalSection
	GlobalSection(ProjectConfigurationPlatforms) = postSolution
		{525A0761-9B0F-44B4-95E5-633B36087088}.Debug|Any CPU.ActiveCfg = Debug|Any CPU
		{525A0761-9B0F-44B4-95E5-633B36087088}.Debug|Any CPU.Build.0 = Debug|Any CPU
		{525A0761-9B0F-44B4-95E5-633B36087088}.Release|Any CPU.ActiveCfg = Release|Any CPU
		{525A0761-9B0F-44B4-95E5-633B36087088}.Release|Any CPU.Build.0 = Release|Any CPU
		{1DC8823B-D4C4-4D92-89F1-A8B761B4C4DB}.Debug|Any CPU.ActiveCfg = Debug|Any CPU
		{1DC8823B-D4C4-4D92-89F1-A8B761B4C4DB}.Debug|Any CPU.Build.0 = Debug|Any CPU
		{1DC8823B-D4C4-4D92-89F1-A8B761B4C4DB}.Release|Any CPU.ActiveCfg = Release|Any CPU
		{1DC8823B-D4C4-4D92-89F1-A8B761B4C4DB}.Release|Any CPU.Build.0 = Release|Any CPU
		{CD47935D-BBA0-435F-930B-620390D87907}.Debug|Any CPU.ActiveCfg = Debug|Any CPU
		{CD47935D-BBA0-435F-930B-620390D87907}.Debug|Any CPU.Build.0 = Debug|Any CPU
		{CD47935D-BBA0-435F-930B-620390D87907}.Release|Any CPU.ActiveCfg = Release|Any CPU
		{CD47935D-BBA0-435F-930B-620390D87907}.Release|Any CPU.Build.0 = Release|Any CPU
		{BB7BA3A5-97BE-4477-8788-57CD02BCAB58}.Debug|Any CPU.ActiveCfg = Debug|Any CPU
		{BB7BA3A5-97BE-4477-8788-57CD02BCAB58}.Debug|Any CPU.Build.0 = Debug|Any CPU
		{BB7BA3A5-97BE-4477-8788-57CD02BCAB58}.Release|Any CPU.ActiveCfg = Release|Any CPU
		{BB7BA3A5-97BE-4477-8788-57CD02BCAB58}.Release|Any CPU.Build.0 = Release|Any CPU
		{3BF9B0AA-855E-4450-A083-5D95531C8FA3}.Debug|Any CPU.ActiveCfg = Debug|Any CPU
		{3BF9B0AA-855E-4450-A083-5D95531C8FA3}.Debug|Any CPU.Build.0 = Debug|Any CPU
		{3BF9B0AA-855E-4450-A083-5D95531C8FA3}.Release|Any CPU.ActiveCfg = Release|Any CPU
		{3BF9B0AA-855E-4450-A083-5D95531C8FA3}.Release|Any CPU.Build.0 = Release|Any CPU
	EndGlobalSection
	GlobalSection(NestedProjects) = preSolution
		{525A0761-9B0F-44B4-95E5-633B36087088} = {4E2F1EC8-5499-40FD-88CC-565990ADCD29}
		{0D239819-532F-4392-9F2A-666C6B4722D2} = {4E2F1EC8-5499-40FD-88CC-565990ADCD29}
		{F5EB3D4E-96BE-4955-849F-9BFC0ABC9270} = {0D239819-532F-4392-9F2A-666C6B4722D2}
		{1DC8823B-D4C4-4D92-89F1-A8B761B4C4DB} = {F5EB3D4E-96BE-4955-849F-9BFC0ABC9270}
		{CD47935D-BBA0-435F-930B-620390D87907} = {F5EB3D4E-96BE-4955-849F-9BFC0ABC9270}
		{BB7BA3A5-97BE-4477-8788-57CD02BCAB58} = {C65EEA69-E268-4C0D-B0F2-D4C17B51BDFD}
		{3BF9B0AA-855E-4450-A083-5D95531C8FA3} = {C65EEA69-E268-4C0D-B0F2-D4C17B51BDFD}
	EndGlobalSection
EndGlobal
