
Microsoft Visual Studio Solution File, Format Version 12.00
Project("{2150E333-8FDC-42A3-9474-1A3956D46DE8}") = "src", "src", "{4E2F1EC8-5499-40FD-88CC-565990ADCD29}"
EndProject
Project("{FAE04EC0-301F-11D3-BF4B-00C04F79EFBC}") = "WeatherBot.Sunny", "src\WeatherBot.Sunny\WeatherBot.Sunny.csproj", "{525A0761-9B0F-44B4-95E5-633B36087088}"
EndProject
Project("{2150E333-8FDC-42A3-9474-1A3956D46DE8}") = "common", "common", "{3D5EBB72-BE0F-45D2-8B11-9726BAEB0849}"
	ProjectSection(SolutionItems) = preProject
		.dockerignorefile = .dockerignorefile
		dockerfile = dockerfile
		.gitignore = .gitignore
		.github\workflows\deploy.yml = .github\workflows\deploy.yml
	EndProjectSection
EndProject
Project("{2150E333-8FDC-42A3-9474-1A3956D46DE8}") = "tests", "tests", "{C65EEA69-E268-4C0D-B0F2-D4C17B51BDFD}"
EndProject
Project("{FAE04EC0-301F-11D3-BF4B-00C04F79EFBC}") = "WeatherBot.Sunny.UnitTests.Common", "tests\WeatherBot.Sunny.UnitTests.Common\WeatherBot.Sunny.UnitTests.Common.csproj", "{BB7BA3A5-97BE-4477-8788-57CD02BCAB58}"
EndProject
Project("{FAE04EC0-301F-11D3-BF4B-00C04F79EFBC}") = "WeatherBot.Sunny.Application.UnitTests", "tests\WeatherBot.Sunny.Application.UnitTests\WeatherBot.Sunny.Application.UnitTests.csproj", "{3BF9B0AA-855E-4450-A083-5D95531C8FA3}"
EndProject
Project("{FAE04EC0-301F-11D3-BF4B-00C04F79EFBC}") = "WeatherBot.Sunny.Application", "src\WeatherBot.Sunny.Application\WeatherBot.Sunny.Application.csproj", "{7AEC058F-A3AE-4019-9472-760F5B4EEBD8}"
EndProject
Global
	GlobalSection(SolutionConfigurationPlatforms) = preSolution
		Debug|Any CPU = Debug|Any CPU
		Release|Any CPU = Release|Any CPU
	EndGlobalSection
	GlobalSection(ProjectConfigurationPlatforms) = postSolution
		{525A0761-9B0F-44B4-95E5-633B36087088}.Debug|Any CPU.ActiveCfg = Debug|Any CPU
		{525A0761-9B0F-44B4-95E5-633B36087088}.Debug|Any CPU.Build.0 = Debug|Any CPU
		{525A0761-9B0F-44B4-95E5-633B36087088}.Release|Any CPU.ActiveCfg = Release|Any CPU
		{525A0761-9B0F-44B4-95E5-633B36087088}.Release|Any CPU.Build.0 = Release|Any CPU
		{BB7BA3A5-97BE-4477-8788-57CD02BCAB58}.Debug|Any CPU.ActiveCfg = Debug|Any CPU
		{BB7BA3A5-97BE-4477-8788-57CD02BCAB58}.Debug|Any CPU.Build.0 = Debug|Any CPU
		{BB7BA3A5-97BE-4477-8788-57CD02BCAB58}.Release|Any CPU.ActiveCfg = Release|Any CPU
		{BB7BA3A5-97BE-4477-8788-57CD02BCAB58}.Release|Any CPU.Build.0 = Release|Any CPU
		{3BF9B0AA-855E-4450-A083-5D95531C8FA3}.Debug|Any CPU.ActiveCfg = Debug|Any CPU
		{3BF9B0AA-855E-4450-A083-5D95531C8FA3}.Debug|Any CPU.Build.0 = Debug|Any CPU
		{3BF9B0AA-855E-4450-A083-5D95531C8FA3}.Release|Any CPU.ActiveCfg = Release|Any CPU
		{3BF9B0AA-855E-4450-A083-5D95531C8FA3}.Release|Any CPU.Build.0 = Release|Any CPU
		{7AEC058F-A3AE-4019-9472-760F5B4EEBD8}.Debug|Any CPU.ActiveCfg = Debug|Any CPU
		{7AEC058F-A3AE-4019-9472-760F5B4EEBD8}.Debug|Any CPU.Build.0 = Debug|Any CPU
		{7AEC058F-A3AE-4019-9472-760F5B4EEBD8}.Release|Any CPU.ActiveCfg = Release|Any CPU
		{7AEC058F-A3AE-4019-9472-760F5B4EEBD8}.Release|Any CPU.Build.0 = Release|Any CPU
	EndGlobalSection
	GlobalSection(NestedProjects) = preSolution
		{525A0761-9B0F-44B4-95E5-633B36087088} = {4E2F1EC8-5499-40FD-88CC-565990ADCD29}
		{BB7BA3A5-97BE-4477-8788-57CD02BCAB58} = {C65EEA69-E268-4C0D-B0F2-D4C17B51BDFD}
		{3BF9B0AA-855E-4450-A083-5D95531C8FA3} = {C65EEA69-E268-4C0D-B0F2-D4C17B51BDFD}
		{7AEC058F-A3AE-4019-9472-760F5B4EEBD8} = {4E2F1EC8-5499-40FD-88CC-565990ADCD29}
	EndGlobalSection
EndGlobal
